
Microsoft Visual Studio Solution File, Format Version 12.00
# Visual Studio Version 17
VisualStudioVersion = 17.11.35312.102
MinimumVisualStudioVersion = 10.0.40219.1
Project("{FAE04EC0-301F-11D3-BF4B-00C04F79EFBC}") = "VidreanAndreeaLab7", "VidreanAndreeaLab7.csproj", "{1C73C46E-B587-42BB-9BA8-C886F2835F31}"
EndProject
Global
	GlobalSection(SolutionConfigurationPlatforms) = preSolution
		Debug|Any CPU = Debug|Any CPU
		Release|Any CPU = Release|Any CPU
	EndGlobalSection
	GlobalSection(ProjectConfigurationPlatforms) = postSolution
		{1C73C46E-B587-42BB-9BA8-C886F2835F31}.Debug|Any CPU.ActiveCfg = Debug|Any CPU
		{1C73C46E-B587-42BB-9BA8-C886F2835F31}.Debug|Any CPU.Build.0 = Debug|Any CPU
		{1C73C46E-B587-42BB-9BA8-C886F2835F31}.Debug|Any CPU.Deploy.0 = Debug|Any CPU
		{1C73C46E-B587-42BB-9BA8-C886F2835F31}.Release|Any CPU.ActiveCfg = Release|Any CPU
		{1C73C46E-B587-42BB-9BA8-C886F2835F31}.Release|Any CPU.Build.0 = Release|Any CPU
		{1C73C46E-B587-42BB-9BA8-C886F2835F31}.Release|Any CPU.Deploy.0 = Release|Any CPU
	EndGlobalSection
	GlobalSection(SolutionProperties) = preSolution
		HideSolutionNode = FALSE
	EndGlobalSection
	GlobalSection(ExtensibilityGlobals) = postSolution
		SolutionGuid = {60452674-CD7A-452A-9B31-8EF09D4B1D91}
	EndGlobalSection
EndGlobal
